{
  "name": "local-incident-evidence-bundle",
  "version": "1.0.0",
  "lockfileVersion": 3,
  "requires": true,
  "packages": {
    "": {
      "name": "local-incident-evidence-bundle",
      "version": "1.0.0",
      "license": "MIT",
      "dependencies": {
        "evidence-packet": "git+https://github.com/jinen-project/evidence-packet-v1.git#e0e288ae924402593c42e46c1e10724aeec0c126",
        "local-receipted-handoff": "git+https://github.com/jinen-project/local-receipted-handoff-v1.git#d0535953b193394db0dc40a1c4f6faf86245421a"
      },
      "engines": {
        "node": ">=20"
      }
    },
    "node_modules/evidence-packet": {
      "version": "1.0.0",
      "resolved": "git+https://github.com/jinen-project/evidence-packet-v1.git#e0e288ae924402593c42e46c1e10724aeec0c126",
      "integrity": "sha512-q7BUATtib6lyQ9QovratSrO9BMnZwz0Zvy3t3nPccUusE6rz08mq/HDaGpHmhUdrQhzEMtSxbEnIVn7S24kfcA==",
      "license": "MIT",
      "bin": {
        "evidence-packet": "src/cli.mjs"
      },
      "engines": {
        "node": ">=20"
      }
    },
    "node_modules/local-receipted-handoff": {
      "version": "1.0.0",
      "resolved": "git+https://github.com/jinen-project/local-receipted-handoff-v1.git#d0535953b193394db0dc40a1c4f6faf86245421a",
      "integrity": "sha512-q1CBcIu0mFLq/XHbkvb/avZpIoe30tprzn/rTCnNcAzVIn003V4BQJnQ66QEhplOyj2k+LJ9UwCA2xZCHc78ZA==",
      "license": "MIT",
      "bin": {
        "lrh": "src/cli.mjs"
      },
      "engines": {
        "node": ">=20"
      }
    }
  }
}
